
Microsoft Visual Studio Solution File, Format Version 12.00
# Visual Studio 15
Project("{FAE04EC0-301F-11D3-BF4B-00C04F79EFBC}") = "Unity.XR.Interaction.Toolkit.Samples.DeviceSimulator", "Unity.XR.Interaction.Toolkit.Samples.DeviceSimulator.csproj", "{176DE9B7-7949-1FFA-7A46-F7A746F0CA2B}"
EndProject
Project("{FAE04EC0-301F-11D3-BF4B-00C04F79EFBC}") = "Unity.XR.Interaction.Toolkit.Samples.StarterAssets", "Unity.XR.Interaction.Toolkit.Samples.StarterAssets.csproj", "{E2F53CE9-A5DB-2EFA-366E-CE1F87D086E7}"
EndProject
Project("{FAE04EC0-301F-11D3-BF4B-00C04F79EFBC}") = "Assembly-CSharp", "Assembly-CSharp.csproj", "{B7441B3D-1CCC-28EA-CFC7-847A1D1EA13C}"
EndProject
Project("{FAE04EC0-301F-11D3-BF4B-00C04F79EFBC}") = "Unity.XR.Interaction.Toolkit.Samples.StarterAssets.Editor", "Unity.XR.Interaction.Toolkit.Samples.StarterAssets.Editor.csproj", "{28F8CB3C-33BD-5F9F-2DCF-DFCB4FAD6718}"
EndProject
Project("{FAE04EC0-301F-11D3-BF4B-00C04F79EFBC}") = "Assembly-CSharp-Editor", "Assembly-CSharp-Editor.csproj", "{CCC9C3FF-B4A3-F293-EB51-45B167CCAA3C}"
EndProject
Global
	GlobalSection(SolutionConfigurationPlatforms) = preSolution
		Debug|Any CPU = Debug|Any CPU
		Release|Any CPU = Release|Any CPU
	EndGlobalSection
	GlobalSection(ProjectConfigurationPlatforms) = postSolution
		{176DE9B7-7949-1FFA-7A46-F7A746F0CA2B}.Debug|Any CPU.ActiveCfg = Debug|Any CPU
		{176DE9B7-7949-1FFA-7A46-F7A746F0CA2B}.Debug|Any CPU.Build.0 = Debug|Any CPU
		{176DE9B7-7949-1FFA-7A46-F7A746F0CA2B}.Release|Any CPU.ActiveCfg = Release|Any CPU
		{176DE9B7-7949-1FFA-7A46-F7A746F0CA2B}.Release|Any CPU.Build.0 = Release|Any CPU
		{E2F53CE9-A5DB-2EFA-366E-CE1F87D086E7}.Debug|Any CPU.ActiveCfg = Debug|Any CPU
		{E2F53CE9-A5DB-2EFA-366E-CE1F87D086E7}.Debug|Any CPU.Build.0 = Debug|Any CPU
		{E2F53CE9-A5DB-2EFA-366E-CE1F87D086E7}.Release|Any CPU.ActiveCfg = Release|Any CPU
		{E2F53CE9-A5DB-2EFA-366E-CE1F87D086E7}.Release|Any CPU.Build.0 = Release|Any CPU
		{B7441B3D-1CCC-28EA-CFC7-847A1D1EA13C}.Debug|Any CPU.ActiveCfg = Debug|Any CPU
		{B7441B3D-1CCC-28EA-CFC7-847A1D1EA13C}.Debug|Any CPU.Build.0 = Debug|Any CPU
		{B7441B3D-1CCC-28EA-CFC7-847A1D1EA13C}.Release|Any CPU.ActiveCfg = Release|Any CPU
		{B7441B3D-1CCC-28EA-CFC7-847A1D1EA13C}.Release|Any CPU.Build.0 = Release|Any CPU
		{28F8CB3C-33BD-5F9F-2DCF-DFCB4FAD6718}.Debug|Any CPU.ActiveCfg = Debug|Any CPU
		{28F8CB3C-33BD-5F9F-2DCF-DFCB4FAD6718}.Debug|Any CPU.Build.0 = Debug|Any CPU
		{28F8CB3C-33BD-5F9F-2DCF-DFCB4FAD6718}.Release|Any CPU.ActiveCfg = Release|Any CPU
		{28F8CB3C-33BD-5F9F-2DCF-DFCB4FAD6718}.Release|Any CPU.Build.0 = Release|Any CPU
		{CCC9C3FF-B4A3-F293-EB51-45B167CCAA3C}.Debug|Any CPU.ActiveCfg = Debug|Any CPU
		{CCC9C3FF-B4A3-F293-EB51-45B167CCAA3C}.Debug|Any CPU.Build.0 = Debug|Any CPU
		{CCC9C3FF-B4A3-F293-EB51-45B167CCAA3C}.Release|Any CPU.ActiveCfg = Release|Any CPU
		{CCC9C3FF-B4A3-F293-EB51-45B167CCAA3C}.Release|Any CPU.Build.0 = Release|Any CPU
	EndGlobalSection
	GlobalSection(SolutionProperties) = preSolution
		HideSolutionNode = FALSE
	EndGlobalSection
EndGlobal
